
Microsoft Visual Studio Solution File, Format Version 12.00
# Visual Studio Version 17
VisualStudioVersion = 17.10.35122.118
MinimumVisualStudioVersion = 10.0.40219.1
Project("{FAE04EC0-301F-11D3-BF4B-00C04F79EFBC}") = "WebMVC_CallApi", "WebMVC_CallApi.csproj", "{17CC9D07-5690-48B0-8340-343CCDEC637B}"
EndProject
Global
	GlobalSection(SolutionConfigurationPlatforms) = preSolution
		Debug|Any CPU = Debug|Any CPU
		Release|Any CPU = Release|Any CPU
	EndGlobalSection
	GlobalSection(ProjectConfigurationPlatforms) = postSolution
		{17CC9D07-5690-48B0-8340-343CCDEC637B}.Debug|Any CPU.ActiveCfg = Debug|Any CPU
		{17CC9D07-5690-48B0-8340-343CCDEC637B}.Debug|Any CPU.Build.0 = Debug|Any CPU
		{17CC9D07-5690-48B0-8340-343CCDEC637B}.Release|Any CPU.ActiveCfg = Release|Any CPU
		{17CC9D07-5690-48B0-8340-343CCDEC637B}.Release|Any CPU.Build.0 = Release|Any CPU
	EndGlobalSection
	GlobalSection(SolutionProperties) = preSolution
		HideSolutionNode = FALSE
	EndGlobalSection
	GlobalSection(ExtensibilityGlobals) = postSolution
		SolutionGuid = {A43962A4-04A4-4989-881E-A18D1BE797C6}
	EndGlobalSection
EndGlobal
